PODS:
  - Realm (10.40.0):
    - Realm/Headers (= 10.40.0)
  - Realm/Headers (10.40.0)
  - RealmSwift (10.40.0):
    - Realm (= 10.40.0)
  - SwipeCellKit (2.7.1)

DEPENDENCIES:
  - RealmSwift
  - SwipeCellKit

SPEC REPOS:
  trunk:
    - Realm
    - RealmSwift
    - SwipeCellKit

SPEC CHECKSUMS:
  Realm: 67e2bc963e693a787961bd81d0594f2410615d9e
  RealmSwift: 39622fdcd18d54e0ba49a7d31e9662404595e998
  SwipeCellKit: 3972254a826da74609926daf59b08d6c72e619ea

PODFILE CHECKSUM: 6dbb52f7ac6400cc5530be01b36d1da4680cbbf2

COCOAPODS: 1.11.3
